
Microsoft Visual Studio Solution File, Format Version 12.00
# Visual Studio Version 16
VisualStudioVersion = 16.0.31112.23
MinimumVisualStudioVersion = 10.0.40219.1
Project("{FAE04EC0-301F-11D3-BF4B-00C04F79EFBC}") = "gastronom", "gastronom\gastronom.csproj", "{AC70C2FB-3ADF-439B-B27E-F62E60C99945}"
EndProject
Global
	GlobalSection(SolutionConfigurationPlatforms) = preSolution
		Debug|Any CPU = Debug|Any CPU
		Release|Any CPU = Release|Any CPU
	EndGlobalSection
	GlobalSection(ProjectConfigurationPlatforms) = postSolution
		{AC70C2FB-3ADF-439B-B27E-F62E60C99945}.Debug|Any CPU.ActiveCfg = Debug|Any CPU
		{AC70C2FB-3ADF-439B-B27E-F62E60C99945}.Debug|Any CPU.Build.0 = Debug|Any CPU
		{AC70C2FB-3ADF-439B-B27E-F62E60C99945}.Release|Any CPU.ActiveCfg = Release|Any CPU
		{AC70C2FB-3ADF-439B-B27E-F62E60C99945}.Release|Any CPU.Build.0 = Release|Any CPU
	EndGlobalSection
	GlobalSection(SolutionProperties) = preSolution
		HideSolutionNode = FALSE
	EndGlobalSection
	GlobalSection(ExtensibilityGlobals) = postSolution
		SolutionGuid = {643854A7-392F-432C-A60C-739F4C743E15}
	EndGlobalSection
EndGlobal
